
Microsoft Visual Studio Solution File, Format Version 12.00
# Visual Studio Version 17
VisualStudioVersion = 17.0.31903.59
MinimumVisualStudioVersion = 10.0.40219.1
Project("{FAE04EC0-301F-11D3-BF4B-00C04F79EFBC}") = "Viagens", "Viagens\Viagens.csproj", "{CA28E0F4-F969-4A85-9E56-ED56EB46CE89}"
EndProject
Global
	GlobalSection(SolutionConfigurationPlatforms) = preSolution
		Debug|Any CPU = Debug|Any CPU
		Release|Any CPU = Release|Any CPU
	EndGlobalSection
	GlobalSection(SolutionProperties) = preSolution
		HideSolutionNode = FALSE
	EndGlobalSection
	GlobalSection(ProjectConfigurationPlatforms) = postSolution
		{CA28E0F4-F969-4A85-9E56-ED56EB46CE89}.Debug|Any CPU.ActiveCfg = Debug|Any CPU
		{CA28E0F4-F969-4A85-9E56-ED56EB46CE89}.Debug|Any CPU.Build.0 = Debug|Any CPU
		{CA28E0F4-F969-4A85-9E56-ED56EB46CE89}.Release|Any CPU.ActiveCfg = Release|Any CPU
		{CA28E0F4-F969-4A85-9E56-ED56EB46CE89}.Release|Any CPU.Build.0 = Release|Any CPU
	EndGlobalSection
EndGlobal
